
Microsoft Visual Studio Solution File, Format Version 12.00
# Visual Studio Version 16
VisualStudioVersion = 16.0.28803.202
MinimumVisualStudioVersion = 10.0.40219.1
Project("{FAE04EC0-301F-11D3-BF4B-00C04F79EFBC}") = "BlackSheepFile", "BlackSheepFile\BlackSheepFile.csproj", "{C336CC25-ABF1-43D5-A7FE-C48390D99E0C}"
EndProject
Project("{FAE04EC0-301F-11D3-BF4B-00C04F79EFBC}") = "Seasons", "Seasons\Seasons.csproj", "{8ED30332-9AA5-4F57-8D5E-041B1F5FEDF0}"
EndProject
Project("{FAE04EC0-301F-11D3-BF4B-00C04F79EFBC}") = "RandomQuotes", "RandomQuotes\RandomQuotes.csproj", "{9A2F0B1C-F6ED-4266-9461-60D33DBE6DE6}"
EndProject
Global
	GlobalSection(SolutionConfigurationPlatforms) = preSolution
		Debug|Any CPU = Debug|Any CPU
		Release|Any CPU = Release|Any CPU
	EndGlobalSection
	GlobalSection(ProjectConfigurationPlatforms) = postSolution
		{C336CC25-ABF1-43D5-A7FE-C48390D99E0C}.Debug|Any CPU.ActiveCfg = Debug|Any CPU
		{C336CC25-ABF1-43D5-A7FE-C48390D99E0C}.Debug|Any CPU.Build.0 = Debug|Any CPU
		{C336CC25-ABF1-43D5-A7FE-C48390D99E0C}.Release|Any CPU.ActiveCfg = Release|Any CPU
		{C336CC25-ABF1-43D5-A7FE-C48390D99E0C}.Release|Any CPU.Build.0 = Release|Any CPU
		{8ED30332-9AA5-4F57-8D5E-041B1F5FEDF0}.Debug|Any CPU.ActiveCfg = Debug|Any CPU
		{8ED30332-9AA5-4F57-8D5E-041B1F5FEDF0}.Debug|Any CPU.Build.0 = Debug|Any CPU
		{8ED30332-9AA5-4F57-8D5E-041B1F5FEDF0}.Release|Any CPU.ActiveCfg = Release|Any CPU
		{8ED30332-9AA5-4F57-8D5E-041B1F5FEDF0}.Release|Any CPU.Build.0 = Release|Any CPU
		{9A2F0B1C-F6ED-4266-9461-60D33DBE6DE6}.Debug|Any CPU.ActiveCfg = Debug|Any CPU
		{9A2F0B1C-F6ED-4266-9461-60D33DBE6DE6}.Debug|Any CPU.Build.0 = Debug|Any CPU
		{9A2F0B1C-F6ED-4266-9461-60D33DBE6DE6}.Release|Any CPU.ActiveCfg = Release|Any CPU
		{9A2F0B1C-F6ED-4266-9461-60D33DBE6DE6}.Release|Any CPU.Build.0 = Release|Any CPU
	EndGlobalSection
	GlobalSection(SolutionProperties) = preSolution
		HideSolutionNode = FALSE
	EndGlobalSection
	GlobalSection(ExtensibilityGlobals) = postSolution
		SolutionGuid = {83FD74C0-A072-4E1C-801C-37A60FBF5B25}
	EndGlobalSection
EndGlobal
